
Microsoft Visual Studio Solution File, Format Version 12.00
# Visual Studio Version 17
VisualStudioVersion = 17.5.33627.172
MinimumVisualStudioVersion = 10.0.40219.1
Project("{FAE04EC0-301F-11D3-BF4B-00C04F79EFBC}") = "Kitaplik", "Kitaplik\Kitaplik.csproj", "{5B5F7B3E-CCB0-47A9-B631-8985E86FBE1F}"
EndProject
Global
	GlobalSection(SolutionConfigurationPlatforms) = preSolution
		Debug|Any CPU = Debug|Any CPU
		Release|Any CPU = Release|Any CPU
	EndGlobalSection
	GlobalSection(ProjectConfigurationPlatforms) = postSolution
		{5B5F7B3E-CCB0-47A9-B631-8985E86FBE1F}.Debug|Any CPU.ActiveCfg = Debug|Any CPU
		{5B5F7B3E-CCB0-47A9-B631-8985E86FBE1F}.Debug|Any CPU.Build.0 = Debug|Any CPU
		{5B5F7B3E-CCB0-47A9-B631-8985E86FBE1F}.Release|Any CPU.ActiveCfg = Release|Any CPU
		{5B5F7B3E-CCB0-47A9-B631-8985E86FBE1F}.Release|Any CPU.Build.0 = Release|Any CPU
	EndGlobalSection
	GlobalSection(SolutionProperties) = preSolution
		HideSolutionNode = FALSE
	EndGlobalSection
	GlobalSection(ExtensibilityGlobals) = postSolution
		SolutionGuid = {AAA7F0F7-A123-4850-99D4-D27015102999}
	EndGlobalSection
EndGlobal
